{
  "name": "enginefs",
  "version": "4.15.1",
  "lockfileVersion": 1,
  "requires": true,
  "dependencies": {
    "addr-to-ip-port": {
      "version": "1.5.1",
      "resolved": "https://registry.npmjs.org/addr-to-ip-port/-/addr-to-ip-port-1.5.1.tgz",
      "integrity": "sha512-bA+dyydTNuQtrEDJ0g9eR7XabNhvrM5yZY0hvTbNK3yvoeC73ZqMES6E1cEqH9WPxs4uMtMsOjfwS4FmluhsAA=="
    },
    "array-flatten": {
      "version": "2.1.1",
      "resolved": "https://registry.npmjs.org/array-flatten/-/array-flatten-2.1.1.tgz",
      "integrity": "sha1-Qmu52oQJDBg42BLIFQryCoMx4pY="
    },
    "bencode": {
      "version": "1.0.0",
      "resolved": "https://registry.npmjs.org/bencode/-/bencode-1.0.0.tgz",
      "integrity": "sha512-N+VOSP5MkoX+xgnp6Y056iCY5TmCZg9rgPNPQe0bIiXchxYFP4vs/Tf0dTdQ+qQhP7HM2gvfFq+sUVjQsGy5Zw==",
      "requires": {
        "safe-buffer": "^5.1.1"
      }
    },
    "bittorrent-dht": {
      "version": "7.8.2",
      "resolved": "https://registry.npmjs.org/bittorrent-dht/-/bittorrent-dht-7.8.2.tgz",
      "integrity": "sha512-pHEjSWeHUr2usZy+BllQRaoBWYCoH4mWj9m1Hn6JrD5xg0oxh2ZNRIgQwWyVM+wFZpIx6HI4BQHVkxPMyHEmxw==",
      "requires": {
        "bencode": "^1.0.0",
        "buffer-equals": "^1.0.3",
        "debug": "^3.1.0",
        "inherits": "^2.0.1",
        "k-bucket": "^3.3.0",
        "k-rpc": "^4.2.1",
        "lru": "^3.1.0",
        "randombytes": "^2.0.5",
        "safe-buffer": "^5.0.1",
        "simple-sha1": "^2.1.0"
      },
      "dependencies": {
        "debug": {
          "version": "3.2.7",
          "resolved": "https://registry.npmjs.org/debug/-/debug-3.2.7.tgz",
          "integrity": "sha512-CFjzYYAi4ThfiQvizrFQevTTXHtnCqWfe7x1AhgEscTz6ZbLbfoLRLPugTQyBth6f8ZERVUSyWHFD/7Wu4t1XQ==",
          "requires": {
            "ms": "^2.1.1"
          }
        },
        "ms": {
          "version": "2.1.3",
          "resolved": "https://registry.npmjs.org/ms/-/ms-2.1.3.tgz",
          "integrity": "sha512-6FlzubTLZG3J2a/NVCAleEhjzq5oxgHyaCU9yYXvcLsvoVaHJq/s5xXI6/XXP6tz7R9xAOtHnSO/tXtF3WRTlA=="
        }
      }
    },
    "bittorrent-tracker": {
      "version": "7.0.3",
      "resolved": "https://registry.npmjs.org/bittorrent-tracker/-/bittorrent-tracker-7.0.3.tgz",
      "integrity": "sha1-rb2O7iq5Hdt7JdJyIraY09BEG38=",
      "requires": {
        "bencode": "^0.7.0",
        "bn.js": "^4.4.0",
        "buffer-equal": "^1.0.0",
        "compact2string": "^1.2.0",
        "debug": "^2.0.0",
        "hat": "0.0.3",
        "inherits": "^2.0.1",
        "ip": "^1.0.1",
        "minimist": "^1.1.1",
        "once": "^1.3.0",
        "random-iterate": "^1.0.1",
        "run-parallel": "^1.1.2",
        "run-series": "^1.0.2",
        "simple-get": "^2.0.0",
        "simple-peer": "^5.0.0",
        "simple-websocket": "^3.0.0",
        "string2compact": "^1.1.1",
        "uniq": "^1.0.1",
        "ws": "^1.0.0",
        "xtend": "^4.0.0"
      },
      "dependencies": {
        "bencode": {
          "version": "0.7.0",
          "resolved": "https://registry.npmjs.org/bencode/-/bencode-0.7.0.tgz",
          "integrity": "sha1-gR7WR8ARiUXkG7S7veqaLHihcIM="
        }
      }
    },
    "bn.js": {
      "version": "4.11.9",
      "resolved": "https://registry.npmjs.org/bn.js/-/bn.js-4.11.9.tgz",
      "integrity": "sha512-E6QoYqCKZfgatHTdHzs1RRKP7ip4vvm+EyRUeE2RF0NblwVvb0p6jSVeNTOFxPn26QXN2o6SMfNxKp6kU8zQaw=="
    },
    "body-parser": {
      "version": "1.17.2",
      "resolved": "https://registry.npmjs.org/body-parser/-/body-parser-1.17.2.tgz",
      "integrity": "sha1-+IkqvI+eYn1Crtr7yma/WrmRBO4=",
      "requires": {
        "bytes": "2.4.0",
        "content-type": "~1.0.2",
        "debug": "2.6.7",
        "depd": "~1.1.0",
        "http-errors": "~1.6.1",
        "iconv-lite": "0.4.15",
        "on-finished": "~2.3.0",
        "qs": "6.4.0",
        "raw-body": "~2.2.0",
        "type-is": "~1.6.15"
      }
    },
    "buffer-equal": {
      "version": "1.0.0",
      "resolved": "https://registry.npmjs.org/buffer-equal/-/buffer-equal-1.0.0.tgz",
      "integrity": "sha1-WWFrSYME1Var1GaWayLu2j7KX74="
    },
    "buffer-equals": {
      "version": "1.0.4",
      "resolved": "https://registry.npmjs.org/buffer-equals/-/buffer-equals-1.0.4.tgz",
      "integrity": "sha1-A1O1T9B/2VZBcGca5vZrnPENJ/U="
    },
    "bytes": {
      "version": "2.4.0",
      "resolved": "https://registry.npmjs.org/bytes/-/bytes-2.4.0.tgz",
      "integrity": "sha1-fZcZb51br39pNeJZhVSe3SpsIzk="
    },
    "chrome-dgram": {
      "version": "3.0.6",
      "resolved": "https://registry.npmjs.org/chrome-dgram/-/chrome-dgram-3.0.6.tgz",
      "integrity": "sha512-bqBsUuaOiXiqxXt/zA/jukNJJ4oaOtc7ciwqJpZVEaaXwwxqgI2/ZdG02vXYWUhHGziDlvGMQWk0qObgJwVYKA==",
      "requires": {
        "inherits": "^2.0.4",
        "run-series": "^1.1.9"
      },
      "dependencies": {
        "inherits": {
          "version": "2.0.4",
          "resolved": "https://registry.npmjs.org/inherits/-/inherits-2.0.4.tgz",
          "integrity": "sha512-k/vGaX4/Yla3WzyMCvTQOXYeIHvqOKtnqBduzTHpzpQZzAskKMhZ2K+EnBiSM9zGSoIFeMpXKxa4dYeZIQqewQ=="
        }
      }
    },
    "chrome-dns": {
      "version": "1.0.1",
      "resolved": "https://registry.npmjs.org/chrome-dns/-/chrome-dns-1.0.1.tgz",
      "integrity": "sha512-HqsYJgIc8ljJJOqOzLphjAs79EUuWSX3nzZi2LNkzlw3GIzAeZbaSektC8iT/tKvLqZq8yl1GJu5o6doA4TRbg==",
      "requires": {
        "chrome-net": "^3.3.2"
      }
    },
    "chrome-net": {
      "version": "3.3.4",
      "resolved": "https://registry.npmjs.org/chrome-net/-/chrome-net-3.3.4.tgz",
      "integrity": "sha512-Jzy2EnzmE+ligqIZUsmWnck9RBXLuUy6CaKyuNMtowFG3ZvLt8d+WBJCTPEludV0DHpIKjAOlwjFmTaEdfdWCw==",
      "requires": {
        "inherits": "^2.0.1"
      }
    },
    "compact2string": {
      "version": "1.4.1",
      "resolved": "https://registry.npmjs.org/compact2string/-/compact2string-1.4.1.tgz",
      "integrity": "sha512-3D+EY5nsRhqnOwDxveBv5T8wGo4DEvYxjDtPGmdOX+gfr5gE92c2RC0w2wa+xEefm07QuVqqcF3nZJUZ92l/og==",
      "requires": {
        "ipaddr.js": ">= 0.1.5"
      }
    },
    "connect": {
      "version": "3.6.3",
      "resolved": "https://registry.npmjs.org/connect/-/connect-3.6.3.tgz",
      "integrity": "sha512-GLSZqgjVxPvGYVD/2vz//gS201MEXk4b7t3nHV6OVnTdDNWi/Gm7Rpxs/ybvljPWvULys/wrzIV3jB3YvEc3nQ==",
      "requires": {
        "debug": "2.6.8",
        "finalhandler": "1.0.4",
        "parseurl": "~1.3.1",
        "utils-merge": "1.0.0"
      },
      "dependencies": {
        "debug": {
          "version": "2.6.8",
          "resolved": "https://registry.npmjs.org/debug/-/debug-2.6.8.tgz",
          "integrity": "sha1-5zFTHKLt4n0YgiJCfaF4IdaP9Pw=",
          "requires": {
            "ms": "2.0.0"
          }
        }
      }
    },
    "content-type": {
      "version": "1.0.2",
      "resolved": "https://registry.npmjs.org/content-type/-/content-type-1.0.2.tgz",
      "integrity": "sha1-t9ETrueo3Se9IRM8TcJSnfFyHu0="
    },
    "debug": {
      "version": "2.6.7",
      "resolved": "https://registry.npmjs.org/debug/-/debug-2.6.7.tgz",
      "integrity": "sha1-krrR9tBbu2u6Isyoi80OyJTChh4=",
      "requires": {
        "ms": "2.0.0"
      }
    },
    "decompress-response": {
      "version": "3.3.0",
      "resolved": "https://registry.npmjs.org/decompress-response/-/decompress-response-3.3.0.tgz",
      "integrity": "sha1-gKTdMjdIOEv6JICDYirt7Jgq3/M=",
      "requires": {
        "mimic-response": "^1.0.0"
      }
    },
    "depd": {
      "version": "1.1.1",
      "resolved": "https://registry.npmjs.org/depd/-/depd-1.1.1.tgz",
      "integrity": "sha1-V4O04cRZ8G+lyif5kfPQbnoxA1k="
    },
    "ee-first": {
      "version": "1.1.1",
      "resolved": "https://registry.npmjs.org/ee-first/-/ee-first-1.1.1.tgz",
      "integrity": "sha1-WQxhFWsK4vTwJVcyoViyZrxWsh0="
    },
    "encodeurl": {
      "version": "1.0.1",
      "resolved": "https://registry.npmjs.org/encodeurl/-/encodeurl-1.0.1.tgz",
      "integrity": "sha1-eePVhlU0aQn+bw9Fpd5oEDspTSA="
    },
    "end-of-stream": {
      "version": "1.4.0",
      "resolved": "https://registry.npmjs.org/end-of-stream/-/end-of-stream-1.4.0.tgz",
      "integrity": "sha1-epDYM+/abPpurA9JSduw+tOmMgY=",
      "requires": {
        "once": "^1.4.0"
      }
    },
    "escape-html": {
      "version": "1.0.3",
      "resolved": "https://registry.npmjs.org/escape-html/-/escape-html-1.0.3.tgz",
      "integrity": "sha1-Aljq5NPQwJdN4cFpGI7wBR0dGYg="
    },
    "finalhandler": {
      "version": "1.0.4",
      "resolved": "https://registry.npmjs.org/finalhandler/-/finalhandler-1.0.4.tgz",
      "integrity": "sha512-16l/r8RgzlXKmFOhZpHBztvye+lAhC5SU7hXavnerC9UfZqZxxXl3BzL8MhffPT3kF61lj9Oav2LKEzh0ei7tg==",
      "requires": {
        "debug": "2.6.8",
        "encodeurl": "~1.0.1",
        "escape-html": "~1.0.3",
        "on-finished": "~2.3.0",
        "parseurl": "~1.3.1",
        "statuses": "~1.3.1",
        "unpipe": "~1.0.0"
      },
      "dependencies": {
        "debug": {
          "version": "2.6.8",
          "resolved": "https://registry.npmjs.org/debug/-/debug-2.6.8.tgz",
          "integrity": "sha1-5zFTHKLt4n0YgiJCfaF4IdaP9Pw=",
          "requires": {
            "ms": "2.0.0"
          }
        }
      }
    },
    "get-browser-rtc": {
      "version": "1.1.0",
      "resolved": "https://registry.npmjs.org/get-browser-rtc/-/get-browser-rtc-1.1.0.tgz",
      "integrity": "sha512-MghbMJ61EJrRsDe7w1Bvqt3ZsBuqhce5nrn/XAwgwOXhcsz53/ltdxOse1h/8eKXj5slzxdsz56g5rzOFSGwfQ=="
    },
    "hat": {
      "version": "0.0.3",
      "resolved": "https://registry.npmjs.org/hat/-/hat-0.0.3.tgz",
      "integrity": "sha1-uwFKnmSzeIrtgAWRdBPU/z1QLYo="
    },
    "http-errors": {
      "version": "1.6.2",
      "resolved": "https://registry.npmjs.org/http-errors/-/http-errors-1.6.2.tgz",
      "integrity": "sha1-CgAsyFcHGSp+eUbO7cERVfYOxzY=",
      "requires": {
        "depd": "1.1.1",
        "inherits": "2.0.3",
        "setprototypeof": "1.0.3",
        "statuses": ">= 1.3.1 < 2"
      }
    },
    "iconv-lite": {
      "version": "0.4.15",
      "resolved": "https://registry.npmjs.org/iconv-lite/-/iconv-lite-0.4.15.tgz",
      "integrity": "sha1-/iZaIYrGpXz+hUkn6dBMGYJe3es="
    },
    "inherits": {
      "version": "2.0.3",
      "resolved": "https://registry.npmjs.org/inherits/-/inherits-2.0.3.tgz",
      "integrity": "sha1-Yzwsg+PaQqUC9SRmAiSA9CCCYd4="
    },
    "ip": {
      "version": "1.1.5",
      "resolved": "https://registry.npmjs.org/ip/-/ip-1.1.5.tgz",
      "integrity": "sha1-vd7XARQpCCjAoDnnLvJfWq7ENUo="
    },
    "ipaddr.js": {
      "version": "2.0.0",
      "resolved": "https://registry.npmjs.org/ipaddr.js/-/ipaddr.js-2.0.0.tgz",
      "integrity": "sha512-S54H9mIj0rbxRIyrDMEuuER86LdlgUg9FSeZ8duQb6CUG2iRrA36MYVQBSprTF/ZeAwvyQ5mDGuNvIPM0BIl3w=="
    },
    "is-typedarray": {
      "version": "1.0.0",
      "resolved": "https://registry.npmjs.org/is-typedarray/-/is-typedarray-1.0.0.tgz",
      "integrity": "sha1-5HnICFjfDBsR3dppQPlgEfzaSpo="
    },
    "k-bucket": {
      "version": "3.3.1",
      "resolved": "https://registry.npmjs.org/k-bucket/-/k-bucket-3.3.1.tgz",
      "integrity": "sha512-kgwWqYT79rAahn4maIVTP8dIe+m1KulufWW+f1bB9DlZrRFiGpZ4iJOg2HUp4xJYBWONP3+rOPIWF/RXABU6mw==",
      "requires": {
        "buffer-equals": "^1.0.3",
        "inherits": "^2.0.1",
        "randombytes": "^2.0.3"
      }
    },
    "k-rpc": {
      "version": "4.3.1",
      "resolved": "https://registry.npmjs.org/k-rpc/-/k-rpc-4.3.1.tgz",
      "integrity": "sha512-mgAJZeFYbpP0xzJzmS0TQTYoFI0sjy3GnKFhg8wyboL+KvWg2WLaA2Oy9PthLPx2Rxz4WeBMk4y3MSOrDJ95FA==",
      "requires": {
        "buffer-equals": "^1.0.3",
        "k-bucket": "^4.0.0",
        "k-rpc-socket": "^1.7.2",
        "randombytes": "^2.0.5",
        "safe-buffer": "^5.1.1"
      },
      "dependencies": {
        "k-bucket": {
          "version": "4.0.1",
          "resolved": "https://registry.npmjs.org/k-bucket/-/k-bucket-4.0.1.tgz",
          "integrity": "sha512-YvDpmY3waI999h1zZoW1rJ04fZrgZ+5PAlVmvwDHT6YO/Q1AOhdel07xsKy9eAvJjQ9xZV1wz3rXKqEfaWvlcQ==",
          "requires": {
            "inherits": "^2.0.1",
            "randombytes": "^2.0.3"
          }
        }
      }
    },
    "k-rpc-socket": {
      "version": "1.11.1",
      "resolved": "https://registry.npmjs.org/k-rpc-socket/-/k-rpc-socket-1.11.1.tgz",
      "integrity": "sha512-8xtA8oqbZ6v1Niryp2/g4GxW16EQh5MvrUylQoOG+zcrDff5CKttON2XUXvMwlIHq4/2zfPVFiinAccJ+WhxoA==",
      "requires": {
        "bencode": "^2.0.0",
        "chrome-dgram": "^3.0.2",
        "chrome-dns": "^1.0.0",
        "chrome-net": "^3.3.2"
      },
      "dependencies": {
        "bencode": {
          "version": "2.0.1",
          "resolved": "https://registry.npmjs.org/bencode/-/bencode-2.0.1.tgz",
          "integrity": "sha512-2uhEl8FdjSBUyb69qDTgOEeeqDTa+n3yMQzLW0cOzNf1Ow5bwcg3idf+qsWisIKRH8Bk8oC7UXL8irRcPA8ZEQ==",
          "requires": {
            "safe-buffer": "^5.1.1"
          }
        }
      }
    },
    "lru": {
      "version": "3.1.0",
      "resolved": "https://registry.npmjs.org/lru/-/lru-3.1.0.tgz",
      "integrity": "sha1-6n+4VG2DczOWoTCR12z+tMBoN9U=",
      "requires": {
        "inherits": "^2.0.1"
      }
    },
    "media-typer": {
      "version": "0.3.0",
      "resolved": "https://registry.npmjs.org/media-typer/-/media-typer-0.3.0.tgz",
      "integrity": "sha1-hxDXrwqmJvj/+hzgAWhUUmMlV0g="
    },
    "methods": {
      "version": "1.1.2",
      "resolved": "https://registry.npmjs.org/methods/-/methods-1.1.2.tgz",
      "integrity": "sha1-VSmk1nZUE07cxSZmVoNbD4Ua/O4="
    },
    "mime": {
      "version": "1.3.6",
      "resolved": "https://registry.npmjs.org/mime/-/mime-1.3.6.tgz",
      "integrity": "sha1-WR2E02U6awtKO5343lqoEI5y5eA="
    },
    "mime-db": {
      "version": "1.29.0",
      "resolved": "https://registry.npmjs.org/mime-db/-/mime-db-1.29.0.tgz",
      "integrity": "sha1-SNJtI1WJZRcErFkWygYAGRQmaHg="
    },
    "mime-types": {
      "version": "2.1.16",
      "resolved": "https://registry.npmjs.org/mime-types/-/mime-types-2.1.16.tgz",
      "integrity": "sha1-K4WKUuXs1RbbiXrCvodIeDBpjiM=",
      "requires": {
        "mime-db": "~1.29.0"
      }
    },
    "mimic-response": {
      "version": "1.0.1",
      "resolved": "https://registry.npmjs.org/mimic-response/-/mimic-response-1.0.1.tgz",
      "integrity": "sha512-j5EctnkH7amfV/q5Hgmoal1g2QHFJRraOtmx0JpIqkxhBhI/lJSl1nMpQ45hVarwNETOoWEimndZ4QK0RHxuxQ=="
    },
    "minimist": {
      "version": "1.2.5",
      "resolved": "http://registry.npmjs.org/minimist/-/minimist-1.2.5.tgz",
      "integrity": "sha512-FM9nNUYrRBAELZQT3xeZQ7fmMOBg6nWNmJKTcgsJeaLstP/UODVpGsr5OhXhhXg6f+qtJ8uiZ+PUxkDWcgIXLw=="
    },
    "ms": {
      "version": "2.0.0",
      "resolved": "https://registry.npmjs.org/ms/-/ms-2.0.0.tgz",
      "integrity": "sha1-VgiurfwAvmwpAd9fmGF4jeDVl8g="
    },
    "node-fetch": {
      "version": "2.6.1",
      "resolved": "https://registry.npmjs.org/node-fetch/-/node-fetch-2.6.1.tgz",
      "integrity": "sha512-V4aYg89jEoVRxRb2fJdAg8FHvI7cEyYdVAh94HH0UIK8oJxUfkjlDQN9RbMx+bEjP7+ggMiFRprSti032Oipxw=="
    },
    "on-finished": {
      "version": "2.3.0",
      "resolved": "https://registry.npmjs.org/on-finished/-/on-finished-2.3.0.tgz",
      "integrity": "sha1-IPEzZIGwg811M3mSoWlxqi2QaUc=",
      "requires": {
        "ee-first": "1.1.1"
      }
    },
    "once": {
      "version": "1.4.0",
      "resolved": "https://registry.npmjs.org/once/-/once-1.4.0.tgz",
      "integrity": "sha1-WDsap3WWHUsROsF9nFC6753Xa9E=",
      "requires": {
        "wrappy": "1"
      }
    },
    "options": {
      "version": "0.0.6",
      "resolved": "https://registry.npmjs.org/options/-/options-0.0.6.tgz",
      "integrity": "sha1-7CLTEoBrtT5zF3Pnza788cZDEo8="
    },
    "parse-torrent-file": {
      "version": "4.0.3",
      "resolved": "https://registry.npmjs.org/parse-torrent-file/-/parse-torrent-file-4.0.3.tgz",
      "integrity": "sha512-Ob1IK1FC165T6dslPBdgxfbQIZI1+QE0sqOfoB+YS/XfDda2Xa2xDZmE0vcGD4ei5Lw6FQYNhsHX9RzZzHwFtQ==",
      "requires": {
        "bencode": "^1.0.0",
        "simple-sha1": "^2.0.0",
        "uniq": "^1.0.1"
      }
    },
    "parseurl": {
      "version": "1.3.1",
      "resolved": "https://registry.npmjs.org/parseurl/-/parseurl-1.3.1.tgz",
      "integrity": "sha1-yKuMkiO6NIiKpkopeyiFO+wY2lY="
    },
    "path-to-regexp": {
      "version": "0.1.7",
      "resolved": "https://registry.npmjs.org/path-to-regexp/-/path-to-regexp-0.1.7.tgz",
      "integrity": "sha1-32BBeABfUi8V60SQ5yR6G/qmf4w="
    },
    "peer-search": {
      "version": "git+ssh://git@github.com/Ivshti/peer-search.git#275bd3e2a733ac6e8edabae792b26b2b4c4434e4",
      "from": "git+ssh://git@github.com/Ivshti/peer-search.git#275bd3e2a733ac6e8edabae792b26b2b4c4434e4",
      "requires": {
        "bittorrent-dht": "7.8.x",
        "bittorrent-tracker": "7.0.x"
      }
    },
    "pump": {
      "version": "1.0.2",
      "resolved": "https://registry.npmjs.org/pump/-/pump-1.0.2.tgz",
      "integrity": "sha1-Oz7mUS+U8OV1U4wXmV+fFpkKXVE=",
      "requires": {
        "end-of-stream": "^1.1.0",
        "once": "^1.3.1"
      }
    },
    "qs": {
      "version": "6.4.0",
      "resolved": "https://registry.npmjs.org/qs/-/qs-6.4.0.tgz",
      "integrity": "sha1-E+JtKK1rD/qpExLNO/cI7TUecjM="
    },
    "random-iterate": {
      "version": "1.0.1",
      "resolved": "https://registry.npmjs.org/random-iterate/-/random-iterate-1.0.1.tgz",
      "integrity": "sha1-99l9kt7mZl7F9toIx/ljytSyrJk="
    },
    "randombytes": {
      "version": "2.1.0",
      "resolved": "https://registry.npmjs.org/randombytes/-/randombytes-2.1.0.tgz",
      "integrity": "sha512-vYl3iOX+4CKUWuxGi9Ukhie6fsqXqS9FE2Zaic4tNFD2N2QQaXOMFbuKK4QmDHC0JO6B1Zp41J0LpT0oR68amQ==",
      "requires": {
        "safe-buffer": "^5.1.0"
      }
    },
    "range-parser": {
      "version": "1.2.0",
      "resolved": "https://registry.npmjs.org/range-parser/-/range-parser-1.2.0.tgz",
      "integrity": "sha1-9JvmtIeJTdxA3MlKMi9hEJLgDV4="
    },
    "raw-body": {
      "version": "2.2.0",
      "resolved": "https://registry.npmjs.org/raw-body/-/raw-body-2.2.0.tgz",
      "integrity": "sha1-mUl2z2pQlqQRYoQEkvC9xdbn+5Y=",
      "requires": {
        "bytes": "2.4.0",
        "iconv-lite": "0.4.15",
        "unpipe": "1.0.0"
      }
    },
    "router": {
      "version": "1.3.1",
      "resolved": "https://registry.npmjs.org/router/-/router-1.3.1.tgz",
      "integrity": "sha1-5Z72T6/CIZShlphoNNiHBY12r0c=",
      "requires": {
        "array-flatten": "2.1.1",
        "debug": "2.6.8",
        "methods": "~1.1.2",
        "parseurl": "~1.3.1",
        "path-to-regexp": "0.1.7",
        "setprototypeof": "1.0.3",
        "utils-merge": "1.0.0"
      },
      "dependencies": {
        "debug": {
          "version": "2.6.8",
          "resolved": "https://registry.npmjs.org/debug/-/debug-2.6.8.tgz",
          "integrity": "sha1-5zFTHKLt4n0YgiJCfaF4IdaP9Pw=",
          "requires": {
            "ms": "2.0.0"
          }
        }
      }
    },
    "run-parallel": {
      "version": "1.1.10",
      "resolved": "https://registry.npmjs.org/run-parallel/-/run-parallel-1.1.10.tgz",
      "integrity": "sha512-zb/1OuZ6flOlH6tQyMPUrE3x3Ulxjlo9WIVXR4yVYi4H9UXQaeIsPbLn2R3O3vQCnDKkAl2qHiuocKKX4Tz/Sw=="
    },
    "run-series": {
      "version": "1.1.9",
      "resolved": "https://registry.npmjs.org/run-series/-/run-series-1.1.9.tgz",
      "integrity": "sha512-Arc4hUN896vjkqCYrUXquBFtRZdv1PfLbTYP71efP6butxyQ0kWpiNJyAgsxscmQg1cqvHY32/UCBzXedTpU2g=="
    },
    "rusha": {
      "version": "0.8.6",
      "resolved": "https://registry.npmjs.org/rusha/-/rusha-0.8.6.tgz",
      "integrity": "sha1-smTdqk1JodZzAAYYWLqTWMStyhQ="
    },
    "safe-buffer": {
      "version": "5.1.1",
      "resolved": "https://registry.npmjs.org/safe-buffer/-/safe-buffer-5.1.1.tgz",
      "integrity": "sha512-kKvNJn6Mm93gAczWVJg7wH+wGYWNrDHdWvpUmHyEsgCtIwwo3bqPtV4tR5tuPaUhTOo/kvhVwd8XwwOllGYkbg=="
    },
    "safe-stateless-regex": {
      "version": "git+ssh://git@github.com/Stremio/safe-stateless-regex.git#67403213aaee9777fe6f97bde1b9264ca0ee381f",
      "from": "git+ssh://git@github.com/Stremio/safe-stateless-regex.git#67403213aaee9777fe6f97bde1b9264ca0ee381f"
    },
    "setprototypeof": {
      "version": "1.0.3",
      "resolved": "https://registry.npmjs.org/setprototypeof/-/setprototypeof-1.0.3.tgz",
      "integrity": "sha1-ZlZ+NwQ+608E2RvWWMDL77VbjgQ="
    },
    "simple-concat": {
      "version": "1.0.1",
      "resolved": "https://registry.npmjs.org/simple-concat/-/simple-concat-1.0.1.tgz",
      "integrity": "sha512-cSFtAPtRhljv69IK0hTVZQ+OfE9nePi/rtJmw5UjHeVyVroEqJXP1sFztKUy1qU+xvz3u/sfYJLa947b7nAN2Q=="
    },
    "simple-get": {
      "version": "2.8.1",
      "resolved": "https://registry.npmjs.org/simple-get/-/simple-get-2.8.1.tgz",
      "integrity": "sha512-lSSHRSw3mQNUGPAYRqo7xy9dhKmxFXIjLjp4KHpf99GEH2VH7C3AM+Qfx6du6jhfUi6Vm7XnbEVEf7Wb6N8jRw==",
      "requires": {
        "decompress-response": "^3.3.0",
        "once": "^1.3.1",
        "simple-concat": "^1.0.0"
      }
    },
    "simple-peer": {
      "version": "5.12.1",
      "resolved": "https://registry.npmjs.org/simple-peer/-/simple-peer-5.12.1.tgz",
      "integrity": "sha1-BpppK5BUYlgA/YSC7nzm6+9fHVM=",
      "requires": {
        "debug": "^2.1.0",
        "get-browser-rtc": "^1.0.0",
        "hat": "0.0.3",
        "inherits": "^2.0.1",
        "is-typedarray": "^1.0.0",
        "once": "^1.3.1"
      }
    },
    "simple-sha1": {
      "version": "2.1.0",
      "resolved": "https://registry.npmjs.org/simple-sha1/-/simple-sha1-2.1.0.tgz",
      "integrity": "sha1-lCe7lv8SY8wQqEFM7dUaGLkZ6LM=",
      "requires": {
        "rusha": "^0.8.1"
      }
    },
    "simple-websocket": {
      "version": "3.0.0",
      "resolved": "https://registry.npmjs.org/simple-websocket/-/simple-websocket-3.0.0.tgz",
      "integrity": "sha1-REWBP5+CztSa1H5w8gBAQXwC0Ik=",
      "requires": {
        "debug": "^2.1.3",
        "inherits": "^2.0.1",
        "is-typedarray": "^1.0.0",
        "ws": "^1.0.0"
      }
    },
    "statuses": {
      "version": "1.3.1",
      "resolved": "https://registry.npmjs.org/statuses/-/statuses-1.3.1.tgz",
      "integrity": "sha1-+vUbnrdKrvOzrPStX2Gr8ky3uT4="
    },
    "string2compact": {
      "version": "1.3.0",
      "resolved": "https://registry.npmjs.org/string2compact/-/string2compact-1.3.0.tgz",
      "integrity": "sha512-004ulKKANDuQilQsNxy2lisrpMG0qUJxBU+2YCEF7KziRyNR0Nredm2qk0f1V82nva59H3y9GWeHXE63HzGRFw==",
      "requires": {
        "addr-to-ip-port": "^1.0.1",
        "ipaddr.js": "^1.0.1"
      },
      "dependencies": {
        "ipaddr.js": {
          "version": "1.9.1",
          "resolved": "https://registry.npmjs.org/ipaddr.js/-/ipaddr.js-1.9.1.tgz",
          "integrity": "sha512-0KI/607xoxSToH7GjN1FfSbLoU0+btTicjsQSWQlh/hZykN8KpmMf7uYwPW3R+akZ6R/w18ZlXSHBYXiYUPO3g=="
        }
      }
    },
    "type-is": {
      "version": "1.6.15",
      "resolved": "https://registry.npmjs.org/type-is/-/type-is-1.6.15.tgz",
      "integrity": "sha1-yrEPtJCeRByChC6v4a1kbIGARBA=",
      "requires": {
        "media-typer": "0.3.0",
        "mime-types": "~2.1.15"
      }
    },
    "ultron": {
      "version": "1.0.2",
      "resolved": "https://registry.npmjs.org/ultron/-/ultron-1.0.2.tgz",
      "integrity": "sha1-rOEWq1V80Zc4ak6I9GhTeMiy5Po="
    },
    "uniq": {
      "version": "1.0.1",
      "resolved": "https://registry.npmjs.org/uniq/-/uniq-1.0.1.tgz",
      "integrity": "sha1-sxxa6CVIRKOoKBVBzisEuGWnNP8="
    },
    "unpipe": {
      "version": "1.0.0",
      "resolved": "https://registry.npmjs.org/unpipe/-/unpipe-1.0.0.tgz",
      "integrity": "sha1-sr9O6FFKrmFltIF4KdIbLvSZBOw="
    },
    "utils-merge": {
      "version": "1.0.0",
      "resolved": "https://registry.npmjs.org/utils-merge/-/utils-merge-1.0.0.tgz",
      "integrity": "sha1-ApT7kiu5N1FTVBxPcJYjHyh8ivg="
    },
    "video-name-parser": {
      "version": "1.4.6",
      "resolved": "https://registry.npmjs.org/video-name-parser/-/video-name-parser-1.4.6.tgz",
      "integrity": "sha512-ZdeYjh8X4ms1EzjY/UoiTZ6JWbi8SYyOPGY0jESSLq2BAmdc5sZHi+F8J19Qz0y7H1WSpaltojsCkO1p2dH4YA=="
    },
    "wrappy": {
      "version": "1.0.2",
      "resolved": "https://registry.npmjs.org/wrappy/-/wrappy-1.0.2.tgz",
      "integrity": "sha1-tSQ9jz7BqjXxNkYFvA0QNuMKtp8="
    },
    "ws": {
      "version": "1.1.5",
      "resolved": "https://registry.npmjs.org/ws/-/ws-1.1.5.tgz",
      "integrity": "sha512-o3KqipXNUdS7wpQzBHSe180lBGO60SoK0yVo3CYJgb2MkobuWuBX6dhkYP5ORCLd55y+SaflMOV5fqAB53ux4w==",
      "requires": {
        "options": ">=0.0.5",
        "ultron": "1.0.x"
      }
    },
    "xtend": {
      "version": "4.0.2",
      "resolved": "https://registry.npmjs.org/xtend/-/xtend-4.0.2.tgz",
      "integrity": "sha512-LKYU1iAXJXUgAXn9URjiu+MWhyUXHsvfp7mcuYm9dSUKK0/CjtrUwFAxD82/mCWbtLsGjFIad0wIsod4zrTAEQ=="
    }
  }
}
